
Microsoft Visual Studio Solution File, Format Version 12.00
# Visual Studio Version 16
VisualStudioVersion = 16.0.31112.23
MinimumVisualStudioVersion = 10.0.40219.1
Project("{FAE04EC0-301F-11D3-BF4B-00C04F79EFBC}") = "ExampleAPIForTesting", "ExampleAPIForTesting\ExampleAPIForTesting.csproj", "{C3DD1CD3-EE32-429D-85C2-0DC47FA5896B}"
EndProject
Global
	GlobalSection(SolutionConfigurationPlatforms) = preSolution
		Debug|Any CPU = Debug|Any CPU
		Release|Any CPU = Release|Any CPU
	EndGlobalSection
	GlobalSection(ProjectConfigurationPlatforms) = postSolution
		{C3DD1CD3-EE32-429D-85C2-0DC47FA5896B}.Debug|Any CPU.ActiveCfg = Debug|Any CPU
		{C3DD1CD3-EE32-429D-85C2-0DC47FA5896B}.Debug|Any CPU.Build.0 = Debug|Any CPU
		{C3DD1CD3-EE32-429D-85C2-0DC47FA5896B}.Release|Any CPU.ActiveCfg = Release|Any CPU
		{C3DD1CD3-EE32-429D-85C2-0DC47FA5896B}.Release|Any CPU.Build.0 = Release|Any CPU
	EndGlobalSection
	GlobalSection(SolutionProperties) = preSolution
		HideSolutionNode = FALSE
	EndGlobalSection
	GlobalSection(ExtensibilityGlobals) = postSolution
		SolutionGuid = {5A8A31EA-7EFC-414F-A5F4-A79A71038232}
	EndGlobalSection
EndGlobal
